
Microsoft Visual Studio Solution File, Format Version 12.00
# Visual Studio Version 17
VisualStudioVersion = 17.4.33213.308
MinimumVisualStudioVersion = 10.0.40219.1
Project("{FAE04EC0-301F-11D3-BF4B-00C04F79EFBC}") = "WebApplication3", "WebApplication3\WebApplication3.csproj", "{968D79F4-D022-419A-9342-7CEC6F74DAFA}"
EndProject
Global
	GlobalSection(SolutionConfigurationPlatforms) = preSolution
		Debug|Any CPU = Debug|Any CPU
		Release|Any CPU = Release|Any CPU
	EndGlobalSection
	GlobalSection(ProjectConfigurationPlatforms) = postSolution
		{968D79F4-D022-419A-9342-7CEC6F74DAFA}.Debug|Any CPU.ActiveCfg = Debug|Any CPU
		{968D79F4-D022-419A-9342-7CEC6F74DAFA}.Debug|Any CPU.Build.0 = Debug|Any CPU
		{968D79F4-D022-419A-9342-7CEC6F74DAFA}.Release|Any CPU.ActiveCfg = Release|Any CPU
		{968D79F4-D022-419A-9342-7CEC6F74DAFA}.Release|Any CPU.Build.0 = Release|Any CPU
	EndGlobalSection
	GlobalSection(SolutionProperties) = preSolution
		HideSolutionNode = FALSE
	EndGlobalSection
	GlobalSection(ExtensibilityGlobals) = postSolution
		SolutionGuid = {42A362EC-1E1A-4038-9527-AC32AB2A1101}
	EndGlobalSection
EndGlobal
